
Microsoft Visual Studio Solution File, Format Version 12.00
# Visual Studio 2012
Project("{8BC9CEB8-8B4A-11D0-8D11-00A0C91BC942}") = "Simulation1", "Simulation1\Simulation1.vcxproj", "{147A1B59-D415-491E-8F38-B475785ED193}"
EndProject
Global
	GlobalSection(SolutionConfigurationPlatforms) = preSolution
		Debug|Win32 = Debug|Win32
		Release|Win32 = Release|Win32
	EndGlobalSection
	GlobalSection(ProjectConfigurationPlatforms) = postSolution
		{147A1B59-D415-491E-8F38-B475785ED193}.Debug|Win32.ActiveCfg = Debug|Win32
		{147A1B59-D415-491E-8F38-B475785ED193}.Debug|Win32.Build.0 = Debug|Win32
		{147A1B59-D415-491E-8F38-B475785ED193}.Release|Win32.ActiveCfg = Release|Win32
		{147A1B59-D415-491E-8F38-B475785ED193}.Release|Win32.Build.0 = Release|Win32
	EndGlobalSection
	GlobalSection(SolutionProperties) = preSolution
		HideSolutionNode = FALSE
	EndGlobalSection
EndGlobal
