<?xml version="1.0" encoding="utf-8"?>
<Project ToolsVersion="4.0" xmlns="http://schemas.microsoft.com/developer/msbuild/2003">
  <ItemGroup>
    <Filter Include="Source Files">
      <UniqueIdentifier>{4FC737F1-C7A5-4376-A066-2A32D752A2FF}</UniqueIdentifier>
      <Extensions>cpp;c;cc;cxx;def;odl;idl;hpj;bat;asm;asmx</Extensions>
    </Filter>
    <Filter Include="Header Files">
      <UniqueIdentifier>{93995380-89BD-4b04-88EB-625FBE52EBFB}</UniqueIdentifier>
      <Extensions>h;hpp;hxx;hm;inl;inc;xsd</Extensions>
    </Filter>
    <Filter Include="Resource Files">
      <UniqueIdentifier>{67DA6AB6-F800-4c08-8B7A-83BB121AAD01}</UniqueIdentifier>
      <Extensions>rc;ico;cur;bmp;dlg;rc2;rct;bin;rgs;gif;jpg;jpeg;jpe;resx;tiff;tif;png;wav;mfcribbon-ms</Extensions>
    </Filter>
    <Filter Include="Header Files\Utility">
      <UniqueIdentifier>{70b9e678-e4d8-4c56-82db-b526cf867755}</UniqueIdentifier>
    </Filter>
    <Filter Include="Source Files\Utility">
      <UniqueIdentifier>{762041dc-ee16-47e9-b8fc-cd276ea43393}</UniqueIdentifier>
    </Filter>
    <Filter Include="Header Files\TTMath">
      <UniqueIdentifier>{45ee6bd1-b17c-405e-b706-c88d5a28a162}</UniqueIdentifier>
    </Filter>
    <Filter Include="Header Files\State">
      <UniqueIdentifier>{e81ccbfb-7c04-4fbc-86bc-c6431faaf537}</UniqueIdentifier>
    </Filter>
    <Filter Include="Source Files\State">
      <UniqueIdentifier>{5b5c1e2b-d17b-478d-b94c-4d42120cb623}</UniqueIdentifier>
    </Filter>
  </ItemGroup>
  <ItemGroup>
    <ClCompile Include="BaseGame.cpp">
      <Filter>Source Files\Utility</Filter>
    </ClCompile>
    <ClCompile Include="GameObject.cpp">
      <Filter>Source Files\Utility</Filter>
    </ClCompile>
    <ClCompile Include="GameRectangle.cpp">
      <Filter>Source Files\Utility</Filter>
    </ClCompile>
    <ClCompile Include="GameTime.cpp">
      <Filter>Source Files\Utility</Filter>
    </ClCompile>
    <ClCompile Include="MathHelper.cpp">
      <Filter>Source Files\Utility</Filter>
    </ClCompile>
    <ClCompile Include="Sprite.cpp">
      <Filter>Source Files\Utility</Filter>
    </ClCompile>
    <ClCompile Include="Utility.cpp">
      <Filter>Source Files\Utility</Filter>
    </ClCompile>
    <ClCompile Include="Vector2.cpp">
      <Filter>Source Files\Utility</Filter>
    </ClCompile>
    <ClCompile Include="Game.cpp">
      <Filter>Source Files</Filter>
    </ClCompile>
    <ClCompile Include="Point.cpp">
      <Filter>Source Files\Utility</Filter>
    </ClCompile>
    <ClCompile Include="Planet.cpp">
      <Filter>Source Files</Filter>
    </ClCompile>
    <ClCompile Include="Util.cpp">
      <Filter>Source Files</Filter>
    </ClCompile>
    <ClCompile Include="GameState.cpp">
      <Filter>Source Files\State</Filter>
    </ClCompile>
    <ClCompile Include="PlanetTestState.cpp">
      <Filter>Source Files\State</Filter>
    </ClCompile>
    <ClCompile Include="BigGameRect.cpp">
      <Filter>Source Files\Utility</Filter>
    </ClCompile>
  </ItemGroup>
  <ItemGroup>
    <ClInclude Include="BaseGame.h">
      <Filter>Header Files\Utility</Filter>
    </ClInclude>
    <ClInclude Include="GameObject.h">
      <Filter>Header Files\Utility</Filter>
    </ClInclude>
    <ClInclude Include="GameRectangle.h">
      <Filter>Header Files\Utility</Filter>
    </ClInclude>
    <ClInclude Include="GameTime.h">
      <Filter>Header Files\Utility</Filter>
    </ClInclude>
    <ClInclude Include="MathHelper.h">
      <Filter>Header Files\Utility</Filter>
    </ClInclude>
    <ClInclude Include="SimpleIni.h">
      <Filter>Header Files\Utility</Filter>
    </ClInclude>
    <ClInclude Include="Sprite.h">
      <Filter>Header Files\Utility</Filter>
    </ClInclude>
    <ClInclude Include="Utility.h">
      <Filter>Header Files\Utility</Filter>
    </ClInclude>
    <ClInclude Include="Vector2.h">
      <Filter>Header Files\Utility</Filter>
    </ClInclude>
    <ClInclude Include="Game.h">
      <Filter>Header Files</Filter>
    </ClInclude>
    <ClInclude Include="stdafx.h">
      <Filter>Header Files</Filter>
    </ClInclude>
    <ClInclude Include="ttmath.h">
      <Filter>Header Files\TTMath</Filter>
    </ClInclude>
    <ClInclude Include="ttmathint.h">
      <Filter>Header Files\TTMath</Filter>
    </ClInclude>
    <ClInclude Include="ttmathmisc.h">
      <Filter>Header Files\TTMath</Filter>
    </ClInclude>
    <ClInclude Include="ttmathobjects.h">
      <Filter>Header Files\TTMath</Filter>
    </ClInclude>
    <ClInclude Include="ttmathparser.h">
      <Filter>Header Files\TTMath</Filter>
    </ClInclude>
    <ClInclude Include="ttmaththreads.h">
      <Filter>Header Files\TTMath</Filter>
    </ClInclude>
    <ClInclude Include="ttmathtypes.h">
      <Filter>Header Files\TTMath</Filter>
    </ClInclude>
    <ClInclude Include="ttmathuint.h">
      <Filter>Header Files\TTMath</Filter>
    </ClInclude>
    <ClInclude Include="ttmathuint_noasm.h">
      <Filter>Header Files\TTMath</Filter>
    </ClInclude>
    <ClInclude Include="ttmathuint_x86.h">
      <Filter>Header Files\TTMath</Filter>
    </ClInclude>
    <ClInclude Include="ttmathuint_x86_64.h">
      <Filter>Header Files\TTMath</Filter>
    </ClInclude>
    <ClInclude Include="ttmathdec.h">
      <Filter>Header Files\TTMath</Filter>
    </ClInclude>
    <ClInclude Include="ttmathbig.h">
      <Filter>Header Files\TTMath</Filter>
    </ClInclude>
    <ClInclude Include="Point.h">
      <Filter>Header Files\Utility</Filter>
    </ClInclude>
    <ClInclude Include="Planet.h">
      <Filter>Header Files</Filter>
    </ClInclude>
    <ClInclude Include="Util.h">
      <Filter>Header Files</Filter>
    </ClInclude>
    <ClInclude Include="GameState.h">
      <Filter>Header Files\State</Filter>
    </ClInclude>
    <ClInclude Include="BigGameRect.h">
      <Filter>Header Files\Utility</Filter>
    </ClInclude>
    <ClInclude Include="PlanetTestState.h">
      <Filter>Header Files\State</Filter>
    </ClInclude>
  </ItemGroup>
</Project>